
Microsoft Visual Studio Solution File, Format Version 12.00
# Visual Studio Version 17
VisualStudioVersion = 17.11.35312.102
MinimumVisualStudioVersion = 10.0.40219.1
Project("{FAE04EC0-301F-11D3-BF4B-00C04F79EFBC}") = "Gazi.KuraApp", "Gazi.KuraApp.csproj", "{00862E0B-D17C-4F1B-B51F-68ED47300ECF}"
EndProject
Global
	GlobalSection(SolutionConfigurationPlatforms) = preSolution
		Debug|Any CPU = Debug|Any CPU
		Release|Any CPU = Release|Any CPU
	EndGlobalSection
	GlobalSection(ProjectConfigurationPlatforms) = postSolution
		{00862E0B-D17C-4F1B-B51F-68ED47300ECF}.Debug|Any CPU.ActiveCfg = Debug|Any CPU
		{00862E0B-D17C-4F1B-B51F-68ED47300ECF}.Debug|Any CPU.Build.0 = Debug|Any CPU
		{00862E0B-D17C-4F1B-B51F-68ED47300ECF}.Release|Any CPU.ActiveCfg = Release|Any CPU
		{00862E0B-D17C-4F1B-B51F-68ED47300ECF}.Release|Any CPU.Build.0 = Release|Any CPU
	EndGlobalSection
	GlobalSection(SolutionProperties) = preSolution
		HideSolutionNode = FALSE
	EndGlobalSection
	GlobalSection(ExtensibilityGlobals) = postSolution
		SolutionGuid = {C9AD846F-E027-4224-8EE6-2C6EEF20A019}
	EndGlobalSection
EndGlobal
